
Microsoft Visual Studio Solution File, Format Version 12.00
# Visual Studio Version 17
VisualStudioVersion = 17.6.33801.468
MinimumVisualStudioVersion = 10.0.40219.1
Project("{FAE04EC0-301F-11D3-BF4B-00C04F79EFBC}") = "MvcMovie", "MvcMovie\MvcMovie.csproj", "{62DB1A53-4FB5-4C6D-B03A-3C2D07908B73}"
EndProject
Global
	GlobalSection(SolutionConfigurationPlatforms) = preSolution
		Debug|Any CPU = Debug|Any CPU
		Release|Any CPU = Release|Any CPU
	EndGlobalSection
	GlobalSection(ProjectConfigurationPlatforms) = postSolution
		{62DB1A53-4FB5-4C6D-B03A-3C2D07908B73}.Debug|Any CPU.ActiveCfg = Debug|Any CPU
		{62DB1A53-4FB5-4C6D-B03A-3C2D07908B73}.Debug|Any CPU.Build.0 = Debug|Any CPU
		{62DB1A53-4FB5-4C6D-B03A-3C2D07908B73}.Release|Any CPU.ActiveCfg = Release|Any CPU
		{62DB1A53-4FB5-4C6D-B03A-3C2D07908B73}.Release|Any CPU.Build.0 = Release|Any CPU
	EndGlobalSection
	GlobalSection(SolutionProperties) = preSolution
		HideSolutionNode = FALSE
	EndGlobalSection
	GlobalSection(ExtensibilityGlobals) = postSolution
		SolutionGuid = {023A7E39-FDD2-4A87-840D-F85512230F90}
	EndGlobalSection
EndGlobal
